
Microsoft Visual Studio Solution File, Format Version 12.00
# Visual Studio 2012
Project("{8BC9CEB8-8B4A-11D0-8D11-00A0C91BC942}") = "MiniMiner", "projects\MiniMiner\MiniMiner.vcxproj", "{C30F06CB-1A71-434A-8C1E-33EE82B5A092}"
EndProject
Project("{8BC9CEB8-8B4A-11D0-8D11-00A0C91BC942}") = "LoggerTest", "projects\LoggerTest\LoggerTest.vcxproj", "{48664509-ACE0-4768-8DD3-50C7BD74644E}"
EndProject
Project("{8BC9CEB8-8B4A-11D0-8D11-00A0C91BC942}") = "RenderManagerTest", "projects\RenderManagerTest\RenderManagerTest.vcxproj", "{2ABE9840-55E9-42C4-9F9E-0985AFF46AE1}"
EndProject
Project("{8BC9CEB8-8B4A-11D0-8D11-00A0C91BC942}") = "InputManagerTest", "projects\InputManagerTest\InputManagerTest.vcxproj", "{59796073-A726-4AFF-91BD-9F26C0948552}"
EndProject
Global
	GlobalSection(SolutionConfigurationPlatforms) = preSolution
		Debug|Win32 = Debug|Win32
		Release|Win32 = Release|Win32
	EndGlobalSection
	GlobalSection(ProjectConfigurationPlatforms) = postSolution
		{C30F06CB-1A71-434A-8C1E-33EE82B5A092}.Debug|Win32.ActiveCfg = Debug|Win32
		{C30F06CB-1A71-434A-8C1E-33EE82B5A092}.Debug|Win32.Build.0 = Debug|Win32
		{C30F06CB-1A71-434A-8C1E-33EE82B5A092}.Release|Win32.ActiveCfg = Release|Win32
		{C30F06CB-1A71-434A-8C1E-33EE82B5A092}.Release|Win32.Build.0 = Release|Win32
		{48664509-ACE0-4768-8DD3-50C7BD74644E}.Debug|Win32.ActiveCfg = Debug|Win32
		{48664509-ACE0-4768-8DD3-50C7BD74644E}.Debug|Win32.Build.0 = Debug|Win32
		{48664509-ACE0-4768-8DD3-50C7BD74644E}.Release|Win32.ActiveCfg = Release|Win32
		{48664509-ACE0-4768-8DD3-50C7BD74644E}.Release|Win32.Build.0 = Release|Win32
		{2ABE9840-55E9-42C4-9F9E-0985AFF46AE1}.Debug|Win32.ActiveCfg = Debug|Win32
		{2ABE9840-55E9-42C4-9F9E-0985AFF46AE1}.Debug|Win32.Build.0 = Debug|Win32
		{2ABE9840-55E9-42C4-9F9E-0985AFF46AE1}.Release|Win32.ActiveCfg = Release|Win32
		{2ABE9840-55E9-42C4-9F9E-0985AFF46AE1}.Release|Win32.Build.0 = Release|Win32
		{59796073-A726-4AFF-91BD-9F26C0948552}.Debug|Win32.ActiveCfg = Debug|Win32
		{59796073-A726-4AFF-91BD-9F26C0948552}.Debug|Win32.Build.0 = Debug|Win32
		{59796073-A726-4AFF-91BD-9F26C0948552}.Release|Win32.ActiveCfg = Release|Win32
		{59796073-A726-4AFF-91BD-9F26C0948552}.Release|Win32.Build.0 = Release|Win32
	EndGlobalSection
	GlobalSection(SolutionProperties) = preSolution
		HideSolutionNode = FALSE
	EndGlobalSection
EndGlobal
